PODS:
  - AFNetworking (4.0.1):
    - AFNetworking/NSURLSession (= 4.0.1)
    - AFNetworking/Reachability (= 4.0.1)
    - AFNetworking/Security (= 4.0.1)
    - AFNetworking/Serialization (= 4.0.1)
    - AFNetworking/UIKit (= 4.0.1)
  - AFNetworking/NSURLSession (4.0.1):
    - AFNetworking/Reachability
    - AFNetworking/Security
    - AFNetworking/Serialization
  - AFNetworking/Reachability (4.0.1)
  - AFNetworking/Security (4.0.1)
  - AFNetworking/Serialization (4.0.1)
  - AFNetworking/UIKit (4.0.1):
    - AFNetworking/NSURLSession
  - GoogleAPIClientForREST/Core (1.1.1):
    - GTMSessionFetcher (>= 1.1.7)
  - GoogleAPIClientForREST/Sheets (1.1.1):
    - GoogleAPIClientForREST/Core
    - GTMSessionFetcher (>= 1.1.7)
  - GoogleSignIn (4.4.0):
    - "GoogleToolboxForMac/NSDictionary+URLArguments (~> 2.1)"
    - "GoogleToolboxForMac/NSString+URLArguments (~> 2.1)"
    - GTMSessionFetcher/Core (~> 1.1)
  - GoogleToolboxForMac/DebugUtils (2.2.2):
    - GoogleToolboxForMac/Defines (= 2.2.2)
  - GoogleToolboxForMac/Defines (2.2.2)
  - "GoogleToolboxForMac/NSDictionary+URLArguments (2.2.2)":
    - GoogleToolboxForMac/DebugUtils (= 2.2.2)
    - GoogleToolboxForMac/Defines (= 2.2.2)
    - "GoogleToolboxForMac/NSString+URLArguments (= 2.2.2)"
  - "GoogleToolboxForMac/NSString+URLArguments (2.2.2)"
  - GTMSessionFetcher (1.4.0):
    - GTMSessionFetcher/Full (= 1.4.0)
  - GTMSessionFetcher/Core (1.4.0)
  - GTMSessionFetcher/Full (1.4.0):
    - GTMSessionFetcher/Core (= 1.4.0)
  - Particle-SDK (1.0.5):
    - Particle-SDK/Helpers (= 1.0.5)
    - Particle-SDK/SDK (= 1.0.5)
  - Particle-SDK/Helpers (1.0.5):
    - AFNetworking (~> 4.0)
  - Particle-SDK/SDK (1.0.5):
    - AFNetworking (~> 4.0)
    - Particle-SDK/Helpers

DEPENDENCIES:
  - GoogleAPIClientForREST/Sheets (~> 1.1.1)
  - GoogleSignIn (< 5.0.0)
  - Particle-SDK

SPEC REPOS:
  trunk:
    - AFNetworking
    - GoogleAPIClientForREST
    - GoogleSignIn
    - GoogleToolboxForMac
    - GTMSessionFetcher
    - Particle-SDK

SPEC CHECKSUMS:
  AFNetworking: 7864c38297c79aaca1500c33288e429c3451fdce
  GoogleAPIClientForREST: f272e35f7fe9f80ab232756c798adc32245ece8c
  GoogleSignIn: 7ff245e1a7b26d379099d3243a562f5747e23d39
  GoogleToolboxForMac: 800648f8b3127618c1b59c7f97684427630c5ea3
  GTMSessionFetcher: 6f5c8abbab8a9bce4bb3f057e317728ec6182b10
  Particle-SDK: cdda539eeb1e5464950657dff46e22ffc42c9525

PODFILE CHECKSUM: a050b99b051bb29683f0393cae0666afaa8ce45e

COCOAPODS: 1.9.1
